
Microsoft Visual Studio Solution File, Format Version 12.00
# Visual Studio Version 16
VisualStudioVersion = 16.0.30804.86
MinimumVisualStudioVersion = 10.0.40219.1
Project("{FAE04EC0-301F-11D3-BF4B-00C04F79EFBC}") = "GJG.Entities", "GJG.Entities\GJG.Entities.csproj", "{4C126ECE-B6CB-42A9-A7C1-1344EEE0DF7F}"
EndProject
Project("{FAE04EC0-301F-11D3-BF4B-00C04F79EFBC}") = "GJG.DataAccess", "GJG.DataAccess\GJG.DataAccess.csproj", "{269DE871-EF03-4F23-987B-4EC2E1A799B1}"
EndProject
Project("{FAE04EC0-301F-11D3-BF4B-00C04F79EFBC}") = "GJG.Business", "GJG.Business\GJG.Business.csproj", "{920EFCCE-017D-4BA8-A859-3CE7B3B29544}"
EndProject
Project("{FAE04EC0-301F-11D3-BF4B-00C04F79EFBC}") = "GJG.Api", "GJG.Api\GJG.Api.csproj", "{7844FCB9-59B4-45FA-ABD3-43049A8CC17B}"
EndProject
Global
	GlobalSection(SolutionConfigurationPlatforms) = preSolution
		Debug|Any CPU = Debug|Any CPU
		Release|Any CPU = Release|Any CPU
	EndGlobalSection
	GlobalSection(ProjectConfigurationPlatforms) = postSolution
		{4C126ECE-B6CB-42A9-A7C1-1344EEE0DF7F}.Debug|Any CPU.ActiveCfg = Debug|Any CPU
		{4C126ECE-B6CB-42A9-A7C1-1344EEE0DF7F}.Debug|Any CPU.Build.0 = Debug|Any CPU
		{4C126ECE-B6CB-42A9-A7C1-1344EEE0DF7F}.Release|Any CPU.ActiveCfg = Release|Any CPU
		{4C126ECE-B6CB-42A9-A7C1-1344EEE0DF7F}.Release|Any CPU.Build.0 = Release|Any CPU
		{269DE871-EF03-4F23-987B-4EC2E1A799B1}.Debug|Any CPU.ActiveCfg = Debug|Any CPU
		{269DE871-EF03-4F23-987B-4EC2E1A799B1}.Debug|Any CPU.Build.0 = Debug|Any CPU
		{269DE871-EF03-4F23-987B-4EC2E1A799B1}.Release|Any CPU.ActiveCfg = Release|Any CPU
		{269DE871-EF03-4F23-987B-4EC2E1A799B1}.Release|Any CPU.Build.0 = Release|Any CPU
		{920EFCCE-017D-4BA8-A859-3CE7B3B29544}.Debug|Any CPU.ActiveCfg = Debug|Any CPU
		{920EFCCE-017D-4BA8-A859-3CE7B3B29544}.Debug|Any CPU.Build.0 = Debug|Any CPU
		{920EFCCE-017D-4BA8-A859-3CE7B3B29544}.Release|Any CPU.ActiveCfg = Release|Any CPU
		{920EFCCE-017D-4BA8-A859-3CE7B3B29544}.Release|Any CPU.Build.0 = Release|Any CPU
		{7844FCB9-59B4-45FA-ABD3-43049A8CC17B}.Debug|Any CPU.ActiveCfg = Debug|Any CPU
		{7844FCB9-59B4-45FA-ABD3-43049A8CC17B}.Debug|Any CPU.Build.0 = Debug|Any CPU
		{7844FCB9-59B4-45FA-ABD3-43049A8CC17B}.Release|Any CPU.ActiveCfg = Release|Any CPU
		{7844FCB9-59B4-45FA-ABD3-43049A8CC17B}.Release|Any CPU.Build.0 = Release|Any CPU
	EndGlobalSection
	GlobalSection(SolutionProperties) = preSolution
		HideSolutionNode = FALSE
	EndGlobalSection
	GlobalSection(ExtensibilityGlobals) = postSolution
		SolutionGuid = {D52F0864-5967-4CE4-8802-55E5C13559B4}
	EndGlobalSection
EndGlobal
